// !$*UTF8*$!
{
	archiveVersion = 1;
	classes = {
	};
	objectVersion = 50;
	objects = {

/* Begin PBXBuildFile section */
		652F213221B05E8200D06398 /* AppDelegate.swift in Sources */ = {isa = PBXBuildFile; fileRef = 652F213121B05E8200D06398 /* AppDelegate.swift */; };
		652F213421B05E8200D06398 /* ViewController.swift in Sources */ = {isa = PBXBuildFile; fileRef = 652F213321B05E8200D06398 /* ViewController.swift */; };
		652F213721B05E8200D06398 /* Main.storyboard in Resources */ = {isa = PBXBuildFile; fileRef = 652F213521B05E8200D06398 /* Main.storyboard */; };
		652F213921B05E8300D06398 /* Assets.xcassets in Resources */ = {isa = PBXBuildFile; fileRef = 652F213821B05E8300D06398 /* Assets.xcassets */; };
		652F213C21B05E8300D06398 /* LaunchScreen.storyboard in Resources */ = {isa = PBXBuildFile; fileRef = 652F213A21B05E8300D06398 /* LaunchScreen.storyboard */; };
		65591C8921B5A67100223289 /* SummaryTableView.xib in Resources */ = {isa = PBXBuildFile; fileRef = 65591C8821B5A67100223289 /* SummaryTableView.xib */; };
		65591C8B21B5A68300223289 /* SummaryTableView.swift in Sources */ = {isa = PBXBuildFile; fileRef = 65591C8A21B5A68300223289 /* SummaryTableView.swift */; };
		65591C8D21B5EDB200223289 /* PromotionsHubView.xib in Resources */ = {isa = PBXBuildFile; fileRef = 65591C8C21B5EDB200223289 /* PromotionsHubView.xib */; };
		65591C8F21B5EDE500223289 /* PromotionsHubView.swift in Sources */ = {isa = PBXBuildFile; fileRef = 65591C8E21B5EDE500223289 /* PromotionsHubView.swift */; };
		6575777221B0727F00DD5872 /* ScrollViewController.swift in Sources */ = {isa = PBXBuildFile; fileRef = 6575777121B0727F00DD5872 /* ScrollViewController.swift */; };
		6575777421B075E800DD5872 /* TableViewController.swift in Sources */ = {isa = PBXBuildFile; fileRef = 6575777321B075E800DD5872 /* TableViewController.swift */; };
		6575777621B0885B00DD5872 /* menu.xib in Resources */ = {isa = PBXBuildFile; fileRef = 6575777521B0885B00DD5872 /* menu.xib */; };
		6575777821B0888300DD5872 /* menu.swift in Sources */ = {isa = PBXBuildFile; fileRef = 6575777721B0888300DD5872 /* menu.swift */; };
		6575777A21B0A4E300DD5872 /* Model.swift in Sources */ = {isa = PBXBuildFile; fileRef = 6575777921B0A4E300DD5872 /* Model.swift */; };
		65B4C04921B2089C00ADC232 /* HubHeader.xib in Resources */ = {isa = PBXBuildFile; fileRef = 65B4C04821B2089C00ADC232 /* HubHeader.xib */; };
		65B4C04B21B208C000ADC232 /* HubHeader.swift in Sources */ = {isa = PBXBuildFile; fileRef = 65B4C04A21B208C000ADC232 /* HubHeader.swift */; };
/* End PBXBuildFile section */

/* Begin PBXFileReference section */
		652F212E21B05E8200D06398 /* iOS Layout Practice.app */ = {isa = PBXFileReference; explicitFileType = wrapper.application; includeInIndex = 0; path = "iOS Layout Practice.app"; sourceTree = BUILT_PRODUCTS_DIR; };
		652F213121B05E8200D06398 /* AppDelegate.swift */ = {isa = PBXFileReference; lastKnownFileType = sourcecode.swift; path = AppDelegate.swift; sourceTree = "<group>"; };
		652F213321B05E8200D06398 /* ViewController.swift */ = {isa = PBXFileReference; lastKnownFileType = sourcecode.swift; path = ViewController.swift; sourceTree = "<group>"; };
		652F213621B05E8200D06398 /* Base */ = {isa = PBXFileReference; lastKnownFileType = file.storyboard; name = Base; path = Base.lproj/Main.storyboard; sourceTree = "<group>"; };
		652F213821B05E8300D06398 /* Assets.xcassets */ = {isa = PBXFileReference; lastKnownFileType = folder.assetcatalog; path = Assets.xcassets; sourceTree = "<group>"; };
		652F213B21B05E8300D06398 /* Base */ = {isa = PBXFileReference; lastKnownFileType = file.storyboard; name = Base; path = Base.lproj/LaunchScreen.storyboard; sourceTree = "<group>"; };
		652F213D21B05E8300D06398 /* Info.plist */ = {isa = PBXFileReference; lastKnownFileType = text.plist.xml; path = Info.plist; sourceTree = "<group>"; };
		65591C8821B5A67100223289 /* SummaryTableView.xib */ = {isa = PBXFileReference; lastKnownFileType = file.xib; path = SummaryTableView.xib; sourceTree = "<group>"; };
		65591C8A21B5A68300223289 /* SummaryTableView.swift */ = {isa = PBXFileReference; lastKnownFileType = sourcecode.swift; path = SummaryTableView.swift; sourceTree = "<group>"; };
		65591C8C21B5EDB200223289 /* PromotionsHubView.xib */ = {isa = PBXFileReference; lastKnownFileType = file.xib; path = PromotionsHubView.xib; sourceTree = "<group>"; };
		65591C8E21B5EDE500223289 /* PromotionsHubView.swift */ = {isa = PBXFileReference; lastKnownFileType = sourcecode.swift; path = PromotionsHubView.swift; sourceTree = "<group>"; };
		6575777121B0727F00DD5872 /* ScrollViewController.swift */ = {isa = PBXFileReference; lastKnownFileType = sourcecode.swift; path = ScrollViewController.swift; sourceTree = "<group>"; };
		6575777321B075E800DD5872 /* TableViewController.swift */ = {isa = PBXFileReference; lastKnownFileType = sourcecode.swift; path = TableViewController.swift; sourceTree = "<group>"; };
		6575777521B0885B00DD5872 /* menu.xib */ = {isa = PBXFileReference; lastKnownFileType = file.xib; path = menu.xib; sourceTree = "<group>"; };
		6575777721B0888300DD5872 /* menu.swift */ = {isa = PBXFileReference; lastKnownFileType = sourcecode.swift; path = menu.swift; sourceTree = "<group>"; };
		6575777921B0A4E300DD5872 /* Model.swift */ = {isa = PBXFileReference; lastKnownFileType = sourcecode.swift; path = Model.swift; sourceTree = "<group>"; };
		65B4C04821B2089C00ADC232 /* HubHeader.xib */ = {isa = PBXFileReference; lastKnownFileType = file.xib; path = HubHeader.xib; sourceTree = "<group>"; };
		65B4C04A21B208C000ADC232 /* HubHeader.swift */ = {isa = PBXFileReference; lastKnownFileType = sourcecode.swift; path = HubHeader.swift; sourceTree = "<group>"; };
/* End PBXFileReference section */

/* Begin PBXFrameworksBuildPhase section */
		652F212B21B05E8200D06398 /* Frameworks */ = {
			isa = PBXFrameworksBuildPhase;
			buildActionMask = 2147483647;
			files = (
			);
			runOnlyForDeploymentPostprocessing = 0;
		};
/* End PBXFrameworksBuildPhase section */

/* Begin PBXGroup section */
		652F212521B05E8200D06398 = {
			isa = PBXGroup;
			children = (
				652F213021B05E8200D06398 /* iOS Layout Practice */,
				652F212F21B05E8200D06398 /* Products */,
			);
			sourceTree = "<group>";
		};
		652F212F21B05E8200D06398 /* Products */ = {
			isa = PBXGroup;
			children = (
				652F212E21B05E8200D06398 /* iOS Layout Practice.app */,
			);
			name = Products;
			sourceTree = "<group>";
		};
		652F213021B05E8200D06398 /* iOS Layout Practice */ = {
			isa = PBXGroup;
			children = (
				652F213121B05E8200D06398 /* AppDelegate.swift */,
				652F213321B05E8200D06398 /* ViewController.swift */,
				652F213521B05E8200D06398 /* Main.storyboard */,
				6575777121B0727F00DD5872 /* ScrollViewController.swift */,
				652F213821B05E8300D06398 /* Assets.xcassets */,
				652F213A21B05E8300D06398 /* LaunchScreen.storyboard */,
				652F213D21B05E8300D06398 /* Info.plist */,
				6575777321B075E800DD5872 /* TableViewController.swift */,
				6575777521B0885B00DD5872 /* menu.xib */,
				6575777721B0888300DD5872 /* menu.swift */,
				6575777921B0A4E300DD5872 /* Model.swift */,
				65B4C04821B2089C00ADC232 /* HubHeader.xib */,
				65B4C04A21B208C000ADC232 /* HubHeader.swift */,
				65591C8821B5A67100223289 /* SummaryTableView.xib */,
				65591C8A21B5A68300223289 /* SummaryTableView.swift */,
				65591C8C21B5EDB200223289 /* PromotionsHubView.xib */,
				65591C8E21B5EDE500223289 /* PromotionsHubView.swift */,
			);
			path = "iOS Layout Practice";
			sourceTree = "<group>";
		};
/* End PBXGroup section */

/* Begin PBXNativeTarget section */
		652F212D21B05E8200D06398 /* iOS Layout Practice */ = {
			isa = PBXNativeTarget;
			buildConfigurationList = 652F214021B05E8300D06398 /* Build configuration list for PBXNativeTarget "iOS Layout Practice" */;
			buildPhases = (
				652F212A21B05E8200D06398 /* Sources */,
				652F212B21B05E8200D06398 /* Frameworks */,
				652F212C21B05E8200D06398 /* Resources */,
			);
			buildRules = (
			);
			dependencies = (
			);
			name = "iOS Layout Practice";
			productName = "iOS Layout Practice";
			productReference = 652F212E21B05E8200D06398 /* iOS Layout Practice.app */;
			productType = "com.apple.product-type.application";
		};
/* End PBXNativeTarget section */

/* Begin PBXProject section */
		652F212621B05E8200D06398 /* Project object */ = {
			isa = PBXProject;
			attributes = {
				LastSwiftUpdateCheck = 1010;
				LastUpgradeCheck = 1010;
				ORGANIZATIONNAME = "Anderson, Jevin";
				TargetAttributes = {
					652F212D21B05E8200D06398 = {
						CreatedOnToolsVersion = 10.1;
					};
				};
			};
			buildConfigurationList = 652F212921B05E8200D06398 /* Build configuration list for PBXProject "iOS Layout Practice" */;
			compatibilityVersion = "Xcode 9.3";
			developmentRegion = en;
			hasScannedForEncodings = 0;
			knownRegions = (
				en,
				Base,
			);
			mainGroup = 652F212521B05E8200D06398;
			productRefGroup = 652F212F21B05E8200D06398 /* Products */;
			projectDirPath = "";
			projectRoot = "";
			targets = (
				652F212D21B05E8200D06398 /* iOS Layout Practice */,
			);
		};
/* End PBXProject section */

/* Begin PBXResourcesBuildPhase section */
		652F212C21B05E8200D06398 /* Resources */ = {
			isa = PBXResourcesBuildPhase;
			buildActionMask = 2147483647;
			files = (
				652F213C21B05E8300D06398 /* LaunchScreen.storyboard in Resources */,
				65B4C04921B2089C00ADC232 /* HubHeader.xib in Resources */,
				652F213921B05E8300D06398 /* Assets.xcassets in Resources */,
				65591C8D21B5EDB200223289 /* PromotionsHubView.xib in Resources */,
				6575777621B0885B00DD5872 /* menu.xib in Resources */,
				65591C8921B5A67100223289 /* SummaryTableView.xib in Resources */,
				652F213721B05E8200D06398 /* Main.storyboard in Resources */,
			);
			runOnlyForDeploymentPostprocessing = 0;
		};
/* End PBXResourcesBuildPhase section */

/* Begin PBXSourcesBuildPhase section */
		652F212A21B05E8200D06398 /* Sources */ = {
			isa = PBXSourcesBuildPhase;
			buildActionMask = 2147483647;
			files = (
				65591C8F21B5EDE500223289 /* PromotionsHubView.swift in Sources */,
				6575777821B0888300DD5872 /* menu.swift in Sources */,
				652F213421B05E8200D06398 /* ViewController.swift in Sources */,
				65591C8B21B5A68300223289 /* SummaryTableView.swift in Sources */,
				6575777221B0727F00DD5872 /* ScrollViewController.swift in Sources */,
				6575777A21B0A4E300DD5872 /* Model.swift in Sources */,
				652F213221B05E8200D06398 /* AppDelegate.swift in Sources */,
				65B4C04B21B208C000ADC232 /* HubHeader.swift in Sources */,
				6575777421B075E800DD5872 /* TableViewController.swift in Sources */,
			);
			runOnlyForDeploymentPostprocessing = 0;
		};
/* End PBXSourcesBuildPhase section */

/* Begin PBXVariantGroup section */
		652F213521B05E8200D06398 /* Main.storyboard */ = {
			isa = PBXVariantGroup;
			children = (
				652F213621B05E8200D06398 /* Base */,
			);
			name = Main.storyboard;
			sourceTree = "<group>";
		};
		652F213A21B05E8300D06398 /* LaunchScreen.storyboard */ = {
			isa = PBXVariantGroup;
			children = (
				652F213B21B05E8300D06398 /* Base */,
			);
			name = LaunchScreen.storyboard;
			sourceTree = "<group>";
		};
/* End PBXVariantGroup section */

/* Begin XCBuildConfiguration section */
		652F213E21B05E8300D06398 /* Debug */ = {
			isa = XCBuildConfiguration;
			buildSettings = {
				ALWAYS_SEARCH_USER_PATHS = NO;
				CLANG_ANALYZER_NONNULL = YES;
				CLANG_ANALYZER_NUMBER_OBJECT_CONVERSION = YES_AGGRESSIVE;
				CLANG_CXX_LANGUAGE_STANDARD = "gnu++14";
				CLANG_CXX_LIBRARY = "libc++";
				CLANG_ENABLE_MODULES = YES;
				CLANG_ENABLE_OBJC_ARC = YES;
				CLANG_ENABLE_OBJC_WEAK = YES;
				CLANG_WARN_BLOCK_CAPTURE_AUTORELEASING = YES;
				CLANG_WARN_BOOL_CONVERSION = YES;
				CLANG_WARN_COMMA = YES;
				CLANG_WARN_CONSTANT_CONVERSION = YES;
				CLANG_WARN_DEPRECATED_OBJC_IMPLEMENTATIONS = YES;
				CLANG_WARN_DIRECT_OBJC_ISA_USAGE = YES_ERROR;
				CLANG_WARN_DOCUMENTATION_COMMENTS = YES;
				CLANG_WARN_EMPTY_BODY = YES;
				CLANG_WARN_ENUM_CONVERSION = YES;
				CLANG_WARN_INFINITE_RECURSION = YES;
				CLANG_WARN_INT_CONVERSION = YES;
				CLANG_WARN_NON_LITERAL_NULL_CONVERSION = YES;
				CLANG_WARN_OBJC_IMPLICIT_RETAIN_SELF = YES;
				CLANG_WARN_OBJC_LITERAL_CONVERSION = YES;
				CLANG_WARN_OBJC_ROOT_CLASS = YES_ERROR;
				CLANG_WARN_RANGE_LOOP_ANALYSIS = YES;
				CLANG_WARN_STRICT_PROTOTYPES = YES;
				CLANG_WARN_SUSPICIOUS_MOVE = YES;
				CLANG_WARN_UNGUARDED_AVAILABILITY = YES_AGGRESSIVE;
				CLANG_WARN_UNREACHABLE_CODE = YES;
				CLANG_WARN__DUPLICATE_METHOD_MATCH = YES;
				CODE_SIGN_IDENTITY = "iPhone Developer";
				COPY_PHASE_STRIP = NO;
				DEBUG_INFORMATION_FORMAT = dwarf;
				ENABLE_STRICT_OBJC_MSGSEND = YES;
				ENABLE_TESTABILITY = YES;
				GCC_C_LANGUAGE_STANDARD = gnu11;
				GCC_DYNAMIC_NO_PIC = NO;
				GCC_NO_COMMON_BLOCKS = YES;
				GCC_OPTIMIZATION_LEVEL = 0;
				GCC_PREPROCESSOR_DEFINITIONS = (
					"DEBUG=1",
					"$(inherited)",
				);
				GCC_WARN_64_TO_32_BIT_CONVERSION = YES;
				GCC_WARN_ABOUT_RETURN_TYPE = YES_ERROR;
				GCC_WARN_UNDECLARED_SELECTOR = YES;
				GCC_WARN_UNINITIALIZED_AUTOS = YES_AGGRESSIVE;
				GCC_WARN_UNUSED_FUNCTION = YES;
				GCC_WARN_UNUSED_VARIABLE = YES;
				IPHONEOS_DEPLOYMENT_TARGET = 12.1;
				MTL_ENABLE_DEBUG_INFO = INCLUDE_SOURCE;
				MTL_FAST_MATH = YES;
				ONLY_ACTIVE_ARCH = YES;
				SDKROOT = iphoneos;
				SWIFT_ACTIVE_COMPILATION_CONDITIONS = DEBUG;
				SWIFT_OPTIMIZATION_LEVEL = "-Onone";
			};
			name = Debug;
		};
		652F213F21B05E8300D06398 /* Release */ = {
			isa = XCBuildConfiguration;
			buildSettings = {
				ALWAYS_SEARCH_USER_PATHS = NO;
				CLANG_ANALYZER_NONNULL = YES;
				CLANG_ANALYZER_NUMBER_OBJECT_CONVERSION = YES_AGGRESSIVE;
				CLANG_CXX_LANGUAGE_STANDARD = "gnu++14";
				CLANG_CXX_LIBRARY = "libc++";
				CLANG_ENABLE_MODULES = YES;
				CLANG_ENABLE_OBJC_ARC = YES;
				CLANG_ENABLE_OBJC_WEAK = YES;
				CLANG_WARN_BLOCK_CAPTURE_AUTORELEASING = YES;
				CLANG_WARN_BOOL_CONVERSION = YES;
				CLANG_WARN_COMMA = YES;
				CLANG_WARN_CONSTANT_CONVERSION = YES;
				CLANG_WARN_DEPRECATED_OBJC_IMPLEMENTATIONS = YES;
				CLANG_WARN_DIRECT_OBJC_ISA_USAGE = YES_ERROR;
				CLANG_WARN_DOCUMENTATION_COMMENTS = YES;
				CLANG_WARN_EMPTY_BODY = YES;
				CLANG_WARN_ENUM_CONVERSION = YES;
				CLANG_WARN_INFINITE_RECURSION = YES;
				CLANG_WARN_INT_CONVERSION = YES;
				CLANG_WARN_NON_LITERAL_NULL_CONVERSION = YES;
				CLANG_WARN_OBJC_IMPLICIT_RETAIN_SELF = YES;
				CLANG_WARN_OBJC_LITERAL_CONVERSION = YES;
				CLANG_WARN_OBJC_ROOT_CLASS = YES_ERROR;
				CLANG_WARN_RANGE_LOOP_ANALYSIS = YES;
				CLANG_WARN_STRICT_PROTOTYPES = YES;
				CLANG_WARN_SUSPICIOUS_MOVE = YES;
				CLANG_WARN_UNGUARDED_AVAILABILITY = YES_AGGRESSIVE;
				CLANG_WARN_UNREACHABLE_CODE = YES;
				CLANG_WARN__DUPLICATE_METHOD_MATCH = YES;
				CODE_SIGN_IDENTITY = "iPhone Developer";
				COPY_PHASE_STRIP = NO;
				DEBUG_INFORMATION_FORMAT = "dwarf-with-dsym";
				ENABLE_NS_ASSERTIONS = NO;
				ENABLE_STRICT_OBJC_MSGSEND = YES;
				GCC_C_LANGUAGE_STANDARD = gnu11;
				GCC_NO_COMMON_BLOCKS = YES;
				GCC_WARN_64_TO_32_BIT_CONVERSION = YES;
				GCC_WARN_ABOUT_RETURN_TYPE = YES_ERROR;
				GCC_WARN_UNDECLARED_SELECTOR = YES;
				GCC_WARN_UNINITIALIZED_AUTOS = YES_AGGRESSIVE;
				GCC_WARN_UNUSED_FUNCTION = YES;
				GCC_WARN_UNUSED_VARIABLE = YES;
				IPHONEOS_DEPLOYMENT_TARGET = 12.1;
				MTL_ENABLE_DEBUG_INFO = NO;
				MTL_FAST_MATH = YES;
				SDKROOT = iphoneos;
				SWIFT_COMPILATION_MODE = wholemodule;
				SWIFT_OPTIMIZATION_LEVEL = "-O";
				VALIDATE_PRODUCT = YES;
			};
			name = Release;
		};
		652F214121B05E8300D06398 /* Debug */ = {
			isa = XCBuildConfiguration;
			buildSettings = {
				ASSETCATALOG_COMPILER_APPICON_NAME = AppIcon;
				CODE_SIGN_STYLE = Automatic;
				DEVELOPMENT_TEAM = 58XRSZ989A;
				INFOPLIST_FILE = "iOS Layout Practice/Info.plist";
				LD_RUNPATH_SEARCH_PATHS = (
					"$(inherited)",
					"@executable_path/Frameworks",
				);
				PRODUCT_BUNDLE_IDENTIFIER = "com.jevinanderson.iOS-Layout-Practice";
				PRODUCT_NAME = "$(TARGET_NAME)";
				SWIFT_VERSION = 4.2;
				TARGETED_DEVICE_FAMILY = 1;
			};
			name = Debug;
		};
		652F214221B05E8300D06398 /* Release */ = {
			isa = XCBuildConfiguration;
			buildSettings = {
				ASSETCATALOG_COMPILER_APPICON_NAME = AppIcon;
				CODE_SIGN_STYLE = Automatic;
				DEVELOPMENT_TEAM = 58XRSZ989A;
				INFOPLIST_FILE = "iOS Layout Practice/Info.plist";
				LD_RUNPATH_SEARCH_PATHS = (
					"$(inherited)",
					"@executable_path/Frameworks",
				);
				PRODUCT_BUNDLE_IDENTIFIER = "com.jevinanderson.iOS-Layout-Practice";
				PRODUCT_NAME = "$(TARGET_NAME)";
				SWIFT_VERSION = 4.2;
				TARGETED_DEVICE_FAMILY = 1;
			};
			name = Release;
		};
/* End XCBuildConfiguration section */

/* Begin XCConfigurationList section */
		652F212921B05E8200D06398 /* Build configuration list for PBXProject "iOS Layout Practice" */ = {
			isa = XCConfigurationList;
			buildConfigurations = (
				652F213E21B05E8300D06398 /* Debug */,
				652F213F21B05E8300D06398 /* Release */,
			);
			defaultConfigurationIsVisible = 0;
			defaultConfigurationName = Release;
		};
		652F214021B05E8300D06398 /* Build configuration list for PBXNativeTarget "iOS Layout Practice" */ = {
			isa = XCConfigurationList;
			buildConfigurations = (
				652F214121B05E8300D06398 /* Debug */,
				652F214221B05E8300D06398 /* Release */,
			);
			defaultConfigurationIsVisible = 0;
			defaultConfigurationName = Release;
		};
/* End XCConfigurationList section */
	};
	rootObject = 652F212621B05E8200D06398 /* Project object */;
}
